
Microsoft Visual Studio Solution File, Format Version 12.00
# Visual Studio Version 17
VisualStudioVersion = 17.2.32526.322
MinimumVisualStudioVersion = 10.0.40219.1
Project("{FAE04EC0-301F-11D3-BF4B-00C04F79EFBC}") = "RazorPagespractice", "RazorPagespractice\RazorPagespractice.csproj", "{EA595064-6592-4FE7-BB16-7B9EE9F717B6}"
EndProject
Global
	GlobalSection(SolutionConfigurationPlatforms) = preSolution
		Debug|Any CPU = Debug|Any CPU
		Release|Any CPU = Release|Any CPU
	EndGlobalSection
	GlobalSection(ProjectConfigurationPlatforms) = postSolution
		{EA595064-6592-4FE7-BB16-7B9EE9F717B6}.Debug|Any CPU.ActiveCfg = Debug|Any CPU
		{EA595064-6592-4FE7-BB16-7B9EE9F717B6}.Debug|Any CPU.Build.0 = Debug|Any CPU
		{EA595064-6592-4FE7-BB16-7B9EE9F717B6}.Release|Any CPU.ActiveCfg = Release|Any CPU
		{EA595064-6592-4FE7-BB16-7B9EE9F717B6}.Release|Any CPU.Build.0 = Release|Any CPU
	EndGlobalSection
	GlobalSection(SolutionProperties) = preSolution
		HideSolutionNode = FALSE
	EndGlobalSection
	GlobalSection(ExtensibilityGlobals) = postSolution
		SolutionGuid = {988CE0A4-419B-4EC9-83D2-62108BA89F65}
	EndGlobalSection
EndGlobal
